
Microsoft Visual Studio Solution File, Format Version 12.00
# Visual Studio Version 16
VisualStudioVersion = 16.0.32929.386
MinimumVisualStudioVersion = 10.0.40219.1
Project("{8BC9CEB8-8B4A-11D0-8D11-00A0C91BC942}") = "ScProtectionToolchain", "ScProtectionToolchain.vcxproj", "{06C6E5E4-630A-43DA-BB42-CA65B8104ADC}"
EndProject
Project("{8BC9CEB8-8B4A-11D0-8D11-00A0C91BC942}") = "ProEditLib", "ProEditLib\ProEditLib.vcxproj", "{1B915FF3-AC5B-4519-A3E5-25F8C67F4F82}"
EndProject
Project("{8BC9CEB8-8B4A-11D0-8D11-00A0C91BC942}") = "Common", "Common\Common.vcxproj", "{DBE9FA39-4C88-492F-9AD1-B2069E2A6575}"
EndProject
Project("{8BC9CEB8-8B4A-11D0-8D11-00A0C91BC942}") = "TinyMapLib", "TinyMapLib\TinyMapLib.vcxproj", "{5D32FF0E-85A2-46A8-8421-30F16D543C4A}"
EndProject
Project("{8BC9CEB8-8B4A-11D0-8D11-00A0C91BC942}") = "SpecialProtectorLib", "SpecialProtectorLib\SpecialProtectorLib.vcxproj", "{378C6182-3906-4556-9518-110F334F9A36}"
EndProject
Global
	GlobalSection(SolutionConfigurationPlatforms) = preSolution
		Debug|x64 = Debug|x64
		Debug|x86 = Debug|x86
		Release|x64 = Release|x64
		Release|x86 = Release|x86
	EndGlobalSection
	GlobalSection(ProjectConfigurationPlatforms) = postSolution
		{06C6E5E4-630A-43DA-BB42-CA65B8104ADC}.Debug|x64.ActiveCfg = Debug|x64
		{06C6E5E4-630A-43DA-BB42-CA65B8104ADC}.Debug|x64.Build.0 = Debug|x64
		{06C6E5E4-630A-43DA-BB42-CA65B8104ADC}.Debug|x86.ActiveCfg = Debug|Win32
		{06C6E5E4-630A-43DA-BB42-CA65B8104ADC}.Debug|x86.Build.0 = Debug|Win32
		{06C6E5E4-630A-43DA-BB42-CA65B8104ADC}.Release|x64.ActiveCfg = Release|x64
		{06C6E5E4-630A-43DA-BB42-CA65B8104ADC}.Release|x64.Build.0 = Release|x64
		{06C6E5E4-630A-43DA-BB42-CA65B8104ADC}.Release|x86.ActiveCfg = Release|Win32
		{06C6E5E4-630A-43DA-BB42-CA65B8104ADC}.Release|x86.Build.0 = Release|Win32
		{1B915FF3-AC5B-4519-A3E5-25F8C67F4F82}.Debug|x64.ActiveCfg = Debug|x64
		{1B915FF3-AC5B-4519-A3E5-25F8C67F4F82}.Debug|x64.Build.0 = Debug|x64
		{1B915FF3-AC5B-4519-A3E5-25F8C67F4F82}.Debug|x86.ActiveCfg = Debug|Win32
		{1B915FF3-AC5B-4519-A3E5-25F8C67F4F82}.Debug|x86.Build.0 = Debug|Win32
		{1B915FF3-AC5B-4519-A3E5-25F8C67F4F82}.Release|x64.ActiveCfg = Release|x64
		{1B915FF3-AC5B-4519-A3E5-25F8C67F4F82}.Release|x64.Build.0 = Release|x64
		{1B915FF3-AC5B-4519-A3E5-25F8C67F4F82}.Release|x86.ActiveCfg = Release|Win32
		{1B915FF3-AC5B-4519-A3E5-25F8C67F4F82}.Release|x86.Build.0 = Release|Win32
		{DBE9FA39-4C88-492F-9AD1-B2069E2A6575}.Debug|x64.ActiveCfg = Debug|x64
		{DBE9FA39-4C88-492F-9AD1-B2069E2A6575}.Debug|x64.Build.0 = Debug|x64
		{DBE9FA39-4C88-492F-9AD1-B2069E2A6575}.Debug|x86.ActiveCfg = Debug|Win32
		{DBE9FA39-4C88-492F-9AD1-B2069E2A6575}.Debug|x86.Build.0 = Debug|Win32
		{DBE9FA39-4C88-492F-9AD1-B2069E2A6575}.Release|x64.ActiveCfg = Release|x64
		{DBE9FA39-4C88-492F-9AD1-B2069E2A6575}.Release|x64.Build.0 = Release|x64
		{DBE9FA39-4C88-492F-9AD1-B2069E2A6575}.Release|x86.ActiveCfg = Release|Win32
		{DBE9FA39-4C88-492F-9AD1-B2069E2A6575}.Release|x86.Build.0 = Release|Win32
		{5D32FF0E-85A2-46A8-8421-30F16D543C4A}.Debug|x64.ActiveCfg = Debug|x64
		{5D32FF0E-85A2-46A8-8421-30F16D543C4A}.Debug|x64.Build.0 = Debug|x64
		{5D32FF0E-85A2-46A8-8421-30F16D543C4A}.Debug|x86.ActiveCfg = Debug|Win32
		{5D32FF0E-85A2-46A8-8421-30F16D543C4A}.Debug|x86.Build.0 = Debug|Win32
		{5D32FF0E-85A2-46A8-8421-30F16D543C4A}.Release|x64.ActiveCfg = Release|x64
		{5D32FF0E-85A2-46A8-8421-30F16D543C4A}.Release|x64.Build.0 = Release|x64
		{5D32FF0E-85A2-46A8-8421-30F16D543C4A}.Release|x86.ActiveCfg = Release|Win32
		{5D32FF0E-85A2-46A8-8421-30F16D543C4A}.Release|x86.Build.0 = Release|Win32
		{378C6182-3906-4556-9518-110F334F9A36}.Debug|x64.ActiveCfg = Debug|x64
		{378C6182-3906-4556-9518-110F334F9A36}.Debug|x64.Build.0 = Debug|x64
		{378C6182-3906-4556-9518-110F334F9A36}.Debug|x86.ActiveCfg = Debug|Win32
		{378C6182-3906-4556-9518-110F334F9A36}.Debug|x86.Build.0 = Debug|Win32
		{378C6182-3906-4556-9518-110F334F9A36}.Release|x64.ActiveCfg = Release|x64
		{378C6182-3906-4556-9518-110F334F9A36}.Release|x64.Build.0 = Release|x64
		{378C6182-3906-4556-9518-110F334F9A36}.Release|x86.ActiveCfg = Release|Win32
		{378C6182-3906-4556-9518-110F334F9A36}.Release|x86.Build.0 = Release|Win32
	EndGlobalSection
	GlobalSection(SolutionProperties) = preSolution
		HideSolutionNode = FALSE
	EndGlobalSection
	GlobalSection(ExtensibilityGlobals) = postSolution
		SolutionGuid = {34399312-66EB-4D2B-A69E-B940003A03DE}
	EndGlobalSection
EndGlobal
